// !$*UTF8*$!
{
	archiveVersion = 1;
	classes = {
	};
	objectVersion = 77;
	objects = {

/* Begin PBXBuildFile section */
		2C6059D821920F1C58E808A2 /* AppModel.swift in Sources */ = {isa = PBXBuildFile; fileRef = 712BEF055EFC3BC5BA5ADFC5 /* AppModel.swift */; };
		31DE454A2962C7A4F2B1B5F4 /* 方正小标宋简体.ttf in Resources */ = {isa = PBXBuildFile; fileRef = D48F0BACAFCA3C28499DF4E1 /* 方正小标宋简体.ttf */; };
		3AB6F91F7C01B38B9E8D007C /* QingquApp.swift in Sources */ = {isa = PBXBuildFile; fileRef = B63E92E83FFD380AAD1DF980 /* QingquApp.swift */; };
		60C55C8971C67D26D42C46B2 /* AppFonts.swift in Sources */ = {isa = PBXBuildFile; fileRef = D47E28FDD10530677B75DEC9 /* AppFonts.swift */; };
		A64BF1A2FDC06FED206941D2 /* Assets.xcassets in Resources */ = {isa = PBXBuildFile; fileRef = C8EDDD0ED6713D950AFC5DCE /* Assets.xcassets */; };
		AB26874FB6CA4D1D66725A55 /* 方正公文小标宋.ttf in Resources */ = {isa = PBXBuildFile; fileRef = AEF403202337F161FB70BB70 /* 方正公文小标宋.ttf */; };
		AD333C90219252DFBC501DC0 /* 华文中宋.ttf in Resources */ = {isa = PBXBuildFile; fileRef = 56394E567E0565045DF9A07B /* 华文中宋.ttf */; };
		BDB6D47B23A8FF1AFA511798 /* ContentView.swift in Sources */ = {isa = PBXBuildFile; fileRef = 42C31F616B48A0987A67BCB8 /* ContentView.swift */; };
/* End PBXBuildFile section */

/* Begin PBXFileReference section */
		059E7094B7197925083AC1EE /* Info.plist */ = {isa = PBXFileReference; lastKnownFileType = text.plist; path = Info.plist; sourceTree = "<group>"; };
		42C31F616B48A0987A67BCB8 /* ContentView.swift */ = {isa = PBXFileReference; lastKnownFileType = sourcecode.swift; path = ContentView.swift; sourceTree = "<group>"; };
		56394E567E0565045DF9A07B /* 华文中宋.ttf */ = {isa = PBXFileReference; lastKnownFileType = file; path = "华文中宋.ttf"; sourceTree = "<group>"; };
		712BEF055EFC3BC5BA5ADFC5 /* AppModel.swift */ = {isa = PBXFileReference; lastKnownFileType = sourcecode.swift; path = AppModel.swift; sourceTree = "<group>"; };
		AEF403202337F161FB70BB70 /* 方正公文小标宋.ttf */ = {isa = PBXFileReference; lastKnownFileType = file; path = "方正公文小标宋.ttf"; sourceTree = "<group>"; };
		B63E92E83FFD380AAD1DF980 /* QingquApp.swift */ = {isa = PBXFileReference; lastKnownFileType = sourcecode.swift; path = QingquApp.swift; sourceTree = "<group>"; };
		C8EDDD0ED6713D950AFC5DCE /* Assets.xcassets */ = {isa = PBXFileReference; lastKnownFileType = folder.assetcatalog; path = Assets.xcassets; sourceTree = "<group>"; };
		D47E28FDD10530677B75DEC9 /* AppFonts.swift */ = {isa = PBXFileReference; lastKnownFileType = sourcecode.swift; path = AppFonts.swift; sourceTree = "<group>"; };
		D48F0BACAFCA3C28499DF4E1 /* 方正小标宋简体.ttf */ = {isa = PBXFileReference; lastKnownFileType = file; path = "方正小标宋简体.ttf"; sourceTree = "<group>"; };
		DD7DC2EE26F99D93D4E84CE4 /* Qingqu.app */ = {isa = PBXFileReference; explicitFileType = wrapper.application; includeInIndex = 0; path = Qingqu.app; sourceTree = BUILT_PRODUCTS_DIR; };
/* End PBXFileReference section */

/* Begin PBXGroup section */
		27C36F2787A549BCB82E8F48 = {
			isa = PBXGroup;
			children = (
				ABD4A35724E50B57E4341CB6 /* Qingqu */,
				67A31C7F81981045D85C2DE2 /* Products */,
			);
			sourceTree = "<group>";
		};
		67A31C7F81981045D85C2DE2 /* Products */ = {
			isa = PBXGroup;
			children = (
				DD7DC2EE26F99D93D4E84CE4 /* Qingqu.app */,
			);
			name = Products;
			sourceTree = "<group>";
		};
		9AA171B693A20CC9FE2FB67A /* App */ = {
			isa = PBXGroup;
			children = (
				D47E28FDD10530677B75DEC9 /* AppFonts.swift */,
				712BEF055EFC3BC5BA5ADFC5 /* AppModel.swift */,
				B63E92E83FFD380AAD1DF980 /* QingquApp.swift */,
			);
			path = App;
			sourceTree = "<group>";
		};
		ABD4A35724E50B57E4341CB6 /* Qingqu */ = {
			isa = PBXGroup;
			children = (
				9AA171B693A20CC9FE2FB67A /* App */,
				E5A3694DD99AAF3FF2100EB8 /* Resources */,
				BE62121A8A7A7C8407F30C25 /* Views */,
			);
			path = Qingqu;
			sourceTree = "<group>";
		};
		BE62121A8A7A7C8407F30C25 /* Views */ = {
			isa = PBXGroup;
			children = (
				42C31F616B48A0987A67BCB8 /* ContentView.swift */,
			);
			path = Views;
			sourceTree = "<group>";
		};
		E5A3694DD99AAF3FF2100EB8 /* Resources */ = {
			isa = PBXGroup;
			children = (
				C8EDDD0ED6713D950AFC5DCE /* Assets.xcassets */,
				059E7094B7197925083AC1EE /* Info.plist */,
				F03A359FCB505DD8F6C1123A /* Fonts */,
			);
			path = Resources;
			sourceTree = "<group>";
		};
		F03A359FCB505DD8F6C1123A /* Fonts */ = {
			isa = PBXGroup;
			children = (
				56394E567E0565045DF9A07B /* 华文中宋.ttf */,
				AEF403202337F161FB70BB70 /* 方正公文小标宋.ttf */,
				D48F0BACAFCA3C28499DF4E1 /* 方正小标宋简体.ttf */,
			);
			path = Fonts;
			sourceTree = "<group>";
		};
/* End PBXGroup section */

/* Begin PBXNativeTarget section */
		834043DB464A7D297AB7A97E /* Qingqu */ = {
			isa = PBXNativeTarget;
			buildConfigurationList = FDB8C5D2E7E7493410403B10 /* Build configuration list for PBXNativeTarget "Qingqu" */;
			buildPhases = (
				33AE0E7C19E3F6D6169885F2 /* Sources */,
				23981E511363A185EC7B7A67 /* Resources */,
			);
			buildRules = (
			);
			dependencies = (
			);
			name = Qingqu;
			packageProductDependencies = (
			);
			productName = Qingqu;
			productReference = DD7DC2EE26F99D93D4E84CE4 /* Qingqu.app */;
			productType = "com.apple.product-type.application";
		};
/* End PBXNativeTarget section */

/* Begin PBXProject section */
		7200A8AD2322222D653ECD33 /* Project object */ = {
			isa = PBXProject;
			attributes = {
				BuildIndependentTargetsInParallel = YES;
				LastUpgradeCheck = 1430;
				TargetAttributes = {
					834043DB464A7D297AB7A97E = {
						DevelopmentTeam = JTQJ875DYV;
						ProvisioningStyle = Automatic;
					};
				};
			};
			buildConfigurationList = AE5EEF5534C461A3EA66BB84 /* Build configuration list for PBXProject "Qingqu" */;
			developmentRegion = en;
			hasScannedForEncodings = 0;
			knownRegions = (
				Base,
				en,
			);
			mainGroup = 27C36F2787A549BCB82E8F48;
			minimizedProjectReferenceProxies = 1;
			preferredProjectObjectVersion = 77;
			productRefGroup = 67A31C7F81981045D85C2DE2 /* Products */;
			projectDirPath = "";
			projectRoot = "";
			targets = (
				834043DB464A7D297AB7A97E /* Qingqu */,
			);
		};
/* End PBXProject section */

/* Begin PBXResourcesBuildPhase section */
		23981E511363A185EC7B7A67 /* Resources */ = {
			isa = PBXResourcesBuildPhase;
			buildActionMask = 2147483647;
			files = (
				A64BF1A2FDC06FED206941D2 /* Assets.xcassets in Resources */,
				AD333C90219252DFBC501DC0 /* 华文中宋.ttf in Resources */,
				AB26874FB6CA4D1D66725A55 /* 方正公文小标宋.ttf in Resources */,
				31DE454A2962C7A4F2B1B5F4 /* 方正小标宋简体.ttf in Resources */,
			);
			runOnlyForDeploymentPostprocessing = 0;
		};
/* End PBXResourcesBuildPhase section */

/* Begin PBXSourcesBuildPhase section */
		33AE0E7C19E3F6D6169885F2 /* Sources */ = {
			isa = PBXSourcesBuildPhase;
			buildActionMask = 2147483647;
			files = (
				60C55C8971C67D26D42C46B2 /* AppFonts.swift in Sources */,
				2C6059D821920F1C58E808A2 /* AppModel.swift in Sources */,
				BDB6D47B23A8FF1AFA511798 /* ContentView.swift in Sources */,
				3AB6F91F7C01B38B9E8D007C /* QingquApp.swift in Sources */,
			);
			runOnlyForDeploymentPostprocessing = 0;
		};
/* End PBXSourcesBuildPhase section */

/* Begin XCBuildConfiguration section */
		1388E4739A074F4C4BCA5FB0 /* Release */ = {
			isa = XCBuildConfiguration;
			buildSettings = {
				ALWAYS_SEARCH_USER_PATHS = NO;
				CLANG_ANALYZER_NONNULL = YES;
				CLANG_ANALYZER_NUMBER_OBJECT_CONVERSION = YES_AGGRESSIVE;
				CLANG_CXX_LANGUAGE_STANDARD = "gnu++14";
				CLANG_CXX_LIBRARY = "libc++";
				CLANG_ENABLE_MODULES = YES;
				CLANG_ENABLE_OBJC_ARC = YES;
				CLANG_ENABLE_OBJC_WEAK = YES;
				CLANG_WARN_BLOCK_CAPTURE_AUTORELEASING = YES;
				CLANG_WARN_BOOL_CONVERSION = YES;
				CLANG_WARN_COMMA = YES;
				CLANG_WARN_CONSTANT_CONVERSION = YES;
				CLANG_WARN_DEPRECATED_OBJC_IMPLEMENTATIONS = YES;
				CLANG_WARN_DIRECT_OBJC_ISA_USAGE = YES_ERROR;
				CLANG_WARN_DOCUMENTATION_COMMENTS = YES;
				CLANG_WARN_EMPTY_BODY = YES;
				CLANG_WARN_ENUM_CONVERSION = YES;
				CLANG_WARN_INFINITE_RECURSION = YES;
				CLANG_WARN_INT_CONVERSION = YES;
				CLANG_WARN_NON_LITERAL_NULL_CONVERSION = YES;
				CLANG_WARN_OBJC_IMPLICIT_RETAIN_SELF = YES;
				CLANG_WARN_OBJC_LITERAL_CONVERSION = YES;
				CLANG_WARN_OBJC_ROOT_CLASS = YES_ERROR;
				CLANG_WARN_QUOTED_INCLUDE_IN_FRAMEWORK_HEADER = YES;
				CLANG_WARN_RANGE_LOOP_ANALYSIS = YES;
				CLANG_WARN_STRICT_PROTOTYPES = YES;
				CLANG_WARN_SUSPICIOUS_MOVE = YES;
				CLANG_WARN_UNGUARDED_AVAILABILITY = YES_AGGRESSIVE;
				CLANG_WARN_UNREACHABLE_CODE = YES;
				CLANG_WARN__DUPLICATE_METHOD_MATCH = YES;
				CODE_SIGN_STYLE = Automatic;
				COPY_PHASE_STRIP = NO;
				DEBUG_INFORMATION_FORMAT = "dwarf-with-dsym";
				DEVELOPMENT_TEAM = JTQJ875DYV;
				ENABLE_NS_ASSERTIONS = NO;
				ENABLE_STRICT_OBJC_MSGSEND = YES;
				GCC_C_LANGUAGE_STANDARD = gnu11;
				GCC_NO_COMMON_BLOCKS = YES;
				GCC_WARN_64_TO_32_BIT_CONVERSION = YES;
				GCC_WARN_ABOUT_RETURN_TYPE = YES_ERROR;
				GCC_WARN_UNDECLARED_SELECTOR = YES;
				GCC_WARN_UNINITIALIZED_AUTOS = YES_AGGRESSIVE;
				GCC_WARN_UNUSED_FUNCTION = YES;
				GCC_WARN_UNUSED_VARIABLE = YES;
				MACOSX_DEPLOYMENT_TARGET = 14.0;
				MTL_ENABLE_DEBUG_INFO = NO;
				MTL_FAST_MATH = YES;
				PRODUCT_NAME = "$(TARGET_NAME)";
				SDKROOT = macosx;
				SWIFT_COMPILATION_MODE = wholemodule;
				SWIFT_OPTIMIZATION_LEVEL = "-O";
				SWIFT_VERSION = 5.0;
			};
			name = Release;
		};
		7D0EEAF183897710D4C75108 /* Debug */ = {
			isa = XCBuildConfiguration;
			buildSettings = {
				ALWAYS_SEARCH_USER_PATHS = NO;
				CLANG_ANALYZER_NONNULL = YES;
				CLANG_ANALYZER_NUMBER_OBJECT_CONVERSION = YES_AGGRESSIVE;
				CLANG_CXX_LANGUAGE_STANDARD = "gnu++14";
				CLANG_CXX_LIBRARY = "libc++";
				CLANG_ENABLE_MODULES = YES;
				CLANG_ENABLE_OBJC_ARC = YES;
				CLANG_ENABLE_OBJC_WEAK = YES;
				CLANG_WARN_BLOCK_CAPTURE_AUTORELEASING = YES;
				CLANG_WARN_BOOL_CONVERSION = YES;
				CLANG_WARN_COMMA = YES;
				CLANG_WARN_CONSTANT_CONVERSION = YES;
				CLANG_WARN_DEPRECATED_OBJC_IMPLEMENTATIONS = YES;
				CLANG_WARN_DIRECT_OBJC_ISA_USAGE = YES_ERROR;
				CLANG_WARN_DOCUMENTATION_COMMENTS = YES;
				CLANG_WARN_EMPTY_BODY = YES;
				CLANG_WARN_ENUM_CONVERSION = YES;
				CLANG_WARN_INFINITE_RECURSION = YES;
				CLANG_WARN_INT_CONVERSION = YES;
				CLANG_WARN_NON_LITERAL_NULL_CONVERSION = YES;
				CLANG_WARN_OBJC_IMPLICIT_RETAIN_SELF = YES;
				CLANG_WARN_OBJC_LITERAL_CONVERSION = YES;
				CLANG_WARN_OBJC_ROOT_CLASS = YES_ERROR;
				CLANG_WARN_QUOTED_INCLUDE_IN_FRAMEWORK_HEADER = YES;
				CLANG_WARN_RANGE_LOOP_ANALYSIS = YES;
				CLANG_WARN_STRICT_PROTOTYPES = YES;
				CLANG_WARN_SUSPICIOUS_MOVE = YES;
				CLANG_WARN_UNGUARDED_AVAILABILITY = YES_AGGRESSIVE;
				CLANG_WARN_UNREACHABLE_CODE = YES;
				CLANG_WARN__DUPLICATE_METHOD_MATCH = YES;
				CODE_SIGN_STYLE = Automatic;
				COPY_PHASE_STRIP = NO;
				DEBUG_INFORMATION_FORMAT = dwarf;
				DEVELOPMENT_TEAM = JTQJ875DYV;
				ENABLE_STRICT_OBJC_MSGSEND = YES;
				ENABLE_TESTABILITY = YES;
				GCC_C_LANGUAGE_STANDARD = gnu11;
				GCC_DYNAMIC_NO_PIC = NO;
				GCC_NO_COMMON_BLOCKS = YES;
				GCC_OPTIMIZATION_LEVEL = 0;
				GCC_PREPROCESSOR_DEFINITIONS = (
					"$(inherited)",
					"DEBUG=1",
				);
				GCC_WARN_64_TO_32_BIT_CONVERSION = YES;
				GCC_WARN_ABOUT_RETURN_TYPE = YES_ERROR;
				GCC_WARN_UNDECLARED_SELECTOR = YES;
				GCC_WARN_UNINITIALIZED_AUTOS = YES_AGGRESSIVE;
				GCC_WARN_UNUSED_FUNCTION = YES;
				GCC_WARN_UNUSED_VARIABLE = YES;
				MACOSX_DEPLOYMENT_TARGET = 14.0;
				MTL_ENABLE_DEBUG_INFO = INCLUDE_SOURCE;
				MTL_FAST_MATH = YES;
				ONLY_ACTIVE_ARCH = YES;
				PRODUCT_NAME = "$(TARGET_NAME)";
				SDKROOT = macosx;
				SWIFT_ACTIVE_COMPILATION_CONDITIONS = DEBUG;
				SWIFT_OPTIMIZATION_LEVEL = "-Onone";
				SWIFT_VERSION = 5.0;
			};
			name = Debug;
		};
		BC85048747A7B05DBC7D2316 /* Debug */ = {
			isa = XCBuildConfiguration;
			buildSettings = {
				ASSETCATALOG_COMPILER_APPICON_NAME = AppIcon;
				ASSETCATALOG_COMPILER_GLOBAL_ACCENT_COLOR_NAME = AccentColor;
				COMBINE_HIDPI_IMAGES = YES;
				CURRENT_PROJECT_VERSION = 1;
				DEAD_CODE_STRIPPING = YES;
				ENABLE_APP_SANDBOX = NO;
				ENABLE_HARDENED_RUNTIME = NO;
				GCC_OPTIMIZATION_LEVEL = s;
				GENERATE_INFOPLIST_FILE = NO;
				INFOPLIST_FILE = Qingqu/Resources/Info.plist;
				LD_RUNPATH_SEARCH_PATHS = (
					"$(inherited)",
					"@executable_path/../Frameworks",
				);
				MACOSX_DEPLOYMENT_TARGET = 14.0;
				MARKETING_VERSION = 1.0.0;
				ONLY_ACTIVE_ARCH = YES;
				PRODUCT_BUNDLE_IDENTIFIER = com.zhousheng.qingqu;
				PRODUCT_NAME = "轻取";
				SDKROOT = macosx;
				SWIFT_OPTIMIZATION_LEVEL = "-Osize";
			};
			name = Debug;
		};
		D1419DDDC53C6BB4414CBC7D /* Release */ = {
			isa = XCBuildConfiguration;
			buildSettings = {
				ASSETCATALOG_COMPILER_APPICON_NAME = AppIcon;
				ASSETCATALOG_COMPILER_GLOBAL_ACCENT_COLOR_NAME = AccentColor;
				COMBINE_HIDPI_IMAGES = YES;
				CURRENT_PROJECT_VERSION = 1;
				DEAD_CODE_STRIPPING = YES;
				ENABLE_APP_SANDBOX = NO;
				ENABLE_HARDENED_RUNTIME = NO;
				GCC_OPTIMIZATION_LEVEL = s;
				GENERATE_INFOPLIST_FILE = NO;
				INFOPLIST_FILE = Qingqu/Resources/Info.plist;
				LD_RUNPATH_SEARCH_PATHS = (
					"$(inherited)",
					"@executable_path/../Frameworks",
				);
				MACOSX_DEPLOYMENT_TARGET = 14.0;
				MARKETING_VERSION = 1.0.0;
				ONLY_ACTIVE_ARCH = YES;
				PRODUCT_BUNDLE_IDENTIFIER = com.zhousheng.qingqu;
				PRODUCT_NAME = "轻取";
				SDKROOT = macosx;
				SWIFT_OPTIMIZATION_LEVEL = "-Osize";
			};
			name = Release;
		};
/* End XCBuildConfiguration section */

/* Begin XCConfigurationList section */
		AE5EEF5534C461A3EA66BB84 /* Build configuration list for PBXProject "Qingqu" */ = {
			isa = XCConfigurationList;
			buildConfigurations = (
				7D0EEAF183897710D4C75108 /* Debug */,
				1388E4739A074F4C4BCA5FB0 /* Release */,
			);
			defaultConfigurationIsVisible = 0;
			defaultConfigurationName = Debug;
		};
		FDB8C5D2E7E7493410403B10 /* Build configuration list for PBXNativeTarget "Qingqu" */ = {
			isa = XCConfigurationList;
			buildConfigurations = (
				BC85048747A7B05DBC7D2316 /* Debug */,
				D1419DDDC53C6BB4414CBC7D /* Release */,
			);
			defaultConfigurationIsVisible = 0;
			defaultConfigurationName = Debug;
		};
/* End XCConfigurationList section */
	};
	rootObject = 7200A8AD2322222D653ECD33 /* Project object */;
}
